
Microsoft Visual Studio Solution File, Format Version 12.00
# Visual Studio 15
VisualStudioVersion = 15.0.28307.779
MinimumVisualStudioVersion = 10.0.40219.1
Project("{9A19103F-16F7-4668-BE54-9A1E7A4F7556}") = "DotNetProjectParser", "DotNetProjectParser\DotNetProjectParser.csproj", "{FC89DDCE-CEC1-4DCD-8204-ADD2C9E535FC}"
EndProject
Project("{2150E333-8FDC-42A3-9474-1A3956D46DE8}") = "Tests", "Tests", "{03732EF9-7E5F-4DC3-8A28-9D98DD96D993}"
EndProject
Project("{FAE04EC0-301F-11D3-BF4B-00C04F79EFBC}") = "DotNetProjectParser.Tests", "..\tests\DotNetProjectParser.Tests\DotNetProjectParser.Tests.csproj", "{6D7C257C-1ABD-45B5-BF0A-EF8013C21769}"
EndProject
Project("{2150E333-8FDC-42A3-9474-1A3956D46DE8}") = "SampleProjects", "SampleProjects", "{229DC5C1-5C35-4CFD-8291-90A7E44799EC}"
EndProject
Project("{FAE04EC0-301F-11D3-BF4B-00C04F79EFBC}") = "DotNetProjectParser.SampleProjects.NetFramework.Console", "..\tests\SampleProjects\DotNetProjectParser.SampleProjects.NetFramework.Console\DotNetProjectParser.SampleProjects.NetFramework.Console.csproj", "{B7F45B2C-AEAE-4271-AE78-FD64D69A294E}"
EndProject
Project("{9A19103F-16F7-4668-BE54-9A1E7A4F7556}") = "DotNetProjectParser.SampleProjects.NetCore.Console", "..\tests\SampleProjects\DotNetProjectParser.SampleProjects.NetCore.Console\DotNetProjectParser.SampleProjects.NetCore.Console.csproj", "{C5B65B2B-8F5A-4916-96AB-115C7B4C47DA}"
EndProject
Project("{2150E333-8FDC-42A3-9474-1A3956D46DE8}") = "_SolutionItems", "_SolutionItems", "{30646974-8C4C-456C-89F5-364197443C5A}"
	ProjectSection(SolutionItems) = preProject
		_SolutionItems\DotNetProjectParserKey.snk = _SolutionItems\DotNetProjectParserKey.snk
		..\_SolutionItems\parserIcon.png = ..\_SolutionItems\parserIcon.png
	EndProjectSection
EndProject
Project("{FAE04EC0-301F-11D3-BF4B-00C04F79EFBC}") = "DotNetProjectParser.SampleProjects.NetFramework.Library", "..\tests\SampleProjects\DotNetProjectParser.SampleProjects.NetFramework.Library\DotNetProjectParser.SampleProjects.NetFramework.Library.csproj", "{181DCC96-8B7C-43AF-8805-F9BE414F8F27}"
EndProject
Project("{9A19103F-16F7-4668-BE54-9A1E7A4F7556}") = "DotNetProjectParser.SampleProjects.NetStandard.Library", "..\tests\SampleProjects\DotNetProjectParser.SampleProjects.NetStandard.Library\DotNetProjectParser.SampleProjects.NetStandard.Library.csproj", "{65CB8F41-0C51-4E3F-8368-F166D9383680}"
EndProject
Project("{9A19103F-16F7-4668-BE54-9A1E7A4F7556}") = "DotNetProjectParser.SampleProjects.NetCore.Library", "..\tests\SampleProjects\DotNetProjectParser.SampleProjects.NetCore.Library\DotNetProjectParser.SampleProjects.NetCore.Library.csproj", "{FCD3F258-CA55-4EEB-B24D-8CAE9316E670}"
EndProject
Project("{FAE04EC0-301F-11D3-BF4B-00C04F79EFBC}") = "DotNetProjectParser.SampleProjects.NetFramework.WarningsAsErrors", "..\tests\SampleProjects\DotNetProjectParser.SampleProjects.NetFramework.WarningsAsErrors\DotNetProjectParser.SampleProjects.NetFramework.WarningsAsErrors.csproj", "{F9B6A02B-41B5-42AD-99B0-6146FA673B8C}"
EndProject
Project("{00D1A9C2-B5F0-4AF3-8072-F6C62B433612}") = "DotNetProjectParser.SampleProjects.NetFramework.Db", "..\tests\SampleProjects\DotNetProjectParser.SampleProjects.NetFramework.Db\DotNetProjectParser.SampleProjects.NetFramework.Db.sqlproj", "{2B122624-465D-4329-8609-BD470C2729EC}"
EndProject
Global
	GlobalSection(SolutionConfigurationPlatforms) = preSolution
		Debug|Any CPU = Debug|Any CPU
		Debug|x64 = Debug|x64
		Release|Any CPU = Release|Any CPU
		Release|x64 = Release|x64
		TestConfiguration|Any CPU = TestConfiguration|Any CPU
		TestConfiguration|x64 = TestConfiguration|x64
	EndGlobalSection
	GlobalSection(ProjectConfigurationPlatforms) = postSolution
		{FC89DDCE-CEC1-4DCD-8204-ADD2C9E535FC}.Debug|Any CPU.ActiveCfg = Debug|Any CPU
		{FC89DDCE-CEC1-4DCD-8204-ADD2C9E535FC}.Debug|Any CPU.Build.0 = Debug|Any CPU
		{FC89DDCE-CEC1-4DCD-8204-ADD2C9E535FC}.Debug|x64.ActiveCfg = Debug|x64
		{FC89DDCE-CEC1-4DCD-8204-ADD2C9E535FC}.Debug|x64.Build.0 = Debug|x64
		{FC89DDCE-CEC1-4DCD-8204-ADD2C9E535FC}.Release|Any CPU.ActiveCfg = Release|Any CPU
		{FC89DDCE-CEC1-4DCD-8204-ADD2C9E535FC}.Release|Any CPU.Build.0 = Release|Any CPU
		{FC89DDCE-CEC1-4DCD-8204-ADD2C9E535FC}.Release|x64.ActiveCfg = Release|x64
		{FC89DDCE-CEC1-4DCD-8204-ADD2C9E535FC}.Release|x64.Build.0 = Release|x64
		{FC89DDCE-CEC1-4DCD-8204-ADD2C9E535FC}.TestConfiguration|Any CPU.ActiveCfg = TestConfiguration|Any CPU
		{FC89DDCE-CEC1-4DCD-8204-ADD2C9E535FC}.TestConfiguration|Any CPU.Build.0 = TestConfiguration|Any CPU
		{FC89DDCE-CEC1-4DCD-8204-ADD2C9E535FC}.TestConfiguration|x64.ActiveCfg = TestConfiguration|x64
		{FC89DDCE-CEC1-4DCD-8204-ADD2C9E535FC}.TestConfiguration|x64.Build.0 = TestConfiguration|x64
		{6D7C257C-1ABD-45B5-BF0A-EF8013C21769}.Debug|Any CPU.ActiveCfg = Debug|Any CPU
		{6D7C257C-1ABD-45B5-BF0A-EF8013C21769}.Debug|Any CPU.Build.0 = Debug|Any CPU
		{6D7C257C-1ABD-45B5-BF0A-EF8013C21769}.Debug|x64.ActiveCfg = Debug|x64
		{6D7C257C-1ABD-45B5-BF0A-EF8013C21769}.Debug|x64.Build.0 = Debug|x64
		{6D7C257C-1ABD-45B5-BF0A-EF8013C21769}.Release|Any CPU.ActiveCfg = Release|Any CPU
		{6D7C257C-1ABD-45B5-BF0A-EF8013C21769}.Release|Any CPU.Build.0 = Release|Any CPU
		{6D7C257C-1ABD-45B5-BF0A-EF8013C21769}.Release|x64.ActiveCfg = Release|x64
		{6D7C257C-1ABD-45B5-BF0A-EF8013C21769}.Release|x64.Build.0 = Release|x64
		{6D7C257C-1ABD-45B5-BF0A-EF8013C21769}.TestConfiguration|Any CPU.ActiveCfg = TestConfiguration|Any CPU
		{6D7C257C-1ABD-45B5-BF0A-EF8013C21769}.TestConfiguration|Any CPU.Build.0 = TestConfiguration|Any CPU
		{6D7C257C-1ABD-45B5-BF0A-EF8013C21769}.TestConfiguration|x64.ActiveCfg = TestConfiguration|x64
		{6D7C257C-1ABD-45B5-BF0A-EF8013C21769}.TestConfiguration|x64.Build.0 = TestConfiguration|x64
		{B7F45B2C-AEAE-4271-AE78-FD64D69A294E}.Debug|Any CPU.ActiveCfg = Debug|Any CPU
		{B7F45B2C-AEAE-4271-AE78-FD64D69A294E}.Debug|Any CPU.Build.0 = Debug|Any CPU
		{B7F45B2C-AEAE-4271-AE78-FD64D69A294E}.Debug|x64.ActiveCfg = Debug|x64
		{B7F45B2C-AEAE-4271-AE78-FD64D69A294E}.Debug|x64.Build.0 = Debug|x64
		{B7F45B2C-AEAE-4271-AE78-FD64D69A294E}.Release|Any CPU.ActiveCfg = Release|Any CPU
		{B7F45B2C-AEAE-4271-AE78-FD64D69A294E}.Release|Any CPU.Build.0 = Release|Any CPU
		{B7F45B2C-AEAE-4271-AE78-FD64D69A294E}.Release|x64.ActiveCfg = Release|x64
		{B7F45B2C-AEAE-4271-AE78-FD64D69A294E}.Release|x64.Build.0 = Release|x64
		{B7F45B2C-AEAE-4271-AE78-FD64D69A294E}.TestConfiguration|Any CPU.ActiveCfg = TestConfiguration|Any CPU
		{B7F45B2C-AEAE-4271-AE78-FD64D69A294E}.TestConfiguration|Any CPU.Build.0 = TestConfiguration|Any CPU
		{B7F45B2C-AEAE-4271-AE78-FD64D69A294E}.TestConfiguration|x64.ActiveCfg = TestConfiguration|x64
		{B7F45B2C-AEAE-4271-AE78-FD64D69A294E}.TestConfiguration|x64.Build.0 = TestConfiguration|x64
		{C5B65B2B-8F5A-4916-96AB-115C7B4C47DA}.Debug|Any CPU.ActiveCfg = Debug|Any CPU
		{C5B65B2B-8F5A-4916-96AB-115C7B4C47DA}.Debug|Any CPU.Build.0 = Debug|Any CPU
		{C5B65B2B-8F5A-4916-96AB-115C7B4C47DA}.Debug|x64.ActiveCfg = Debug|x64
		{C5B65B2B-8F5A-4916-96AB-115C7B4C47DA}.Debug|x64.Build.0 = Debug|x64
		{C5B65B2B-8F5A-4916-96AB-115C7B4C47DA}.Release|Any CPU.ActiveCfg = Release|Any CPU
		{C5B65B2B-8F5A-4916-96AB-115C7B4C47DA}.Release|Any CPU.Build.0 = Release|Any CPU
		{C5B65B2B-8F5A-4916-96AB-115C7B4C47DA}.Release|x64.ActiveCfg = Release|x64
		{C5B65B2B-8F5A-4916-96AB-115C7B4C47DA}.Release|x64.Build.0 = Release|x64
		{C5B65B2B-8F5A-4916-96AB-115C7B4C47DA}.TestConfiguration|Any CPU.ActiveCfg = TestConfiguration|Any CPU
		{C5B65B2B-8F5A-4916-96AB-115C7B4C47DA}.TestConfiguration|Any CPU.Build.0 = TestConfiguration|Any CPU
		{C5B65B2B-8F5A-4916-96AB-115C7B4C47DA}.TestConfiguration|x64.ActiveCfg = TestConfiguration|x64
		{C5B65B2B-8F5A-4916-96AB-115C7B4C47DA}.TestConfiguration|x64.Build.0 = TestConfiguration|x64
		{181DCC96-8B7C-43AF-8805-F9BE414F8F27}.Debug|Any CPU.ActiveCfg = Debug|Any CPU
		{181DCC96-8B7C-43AF-8805-F9BE414F8F27}.Debug|Any CPU.Build.0 = Debug|Any CPU
		{181DCC96-8B7C-43AF-8805-F9BE414F8F27}.Debug|x64.ActiveCfg = Debug|x64
		{181DCC96-8B7C-43AF-8805-F9BE414F8F27}.Debug|x64.Build.0 = Debug|x64
		{181DCC96-8B7C-43AF-8805-F9BE414F8F27}.Release|Any CPU.ActiveCfg = Release|Any CPU
		{181DCC96-8B7C-43AF-8805-F9BE414F8F27}.Release|Any CPU.Build.0 = Release|Any CPU
		{181DCC96-8B7C-43AF-8805-F9BE414F8F27}.Release|x64.ActiveCfg = Release|x64
		{181DCC96-8B7C-43AF-8805-F9BE414F8F27}.Release|x64.Build.0 = Release|x64
		{181DCC96-8B7C-43AF-8805-F9BE414F8F27}.TestConfiguration|Any CPU.ActiveCfg = TestConfiguration|Any CPU
		{181DCC96-8B7C-43AF-8805-F9BE414F8F27}.TestConfiguration|Any CPU.Build.0 = TestConfiguration|Any CPU
		{181DCC96-8B7C-43AF-8805-F9BE414F8F27}.TestConfiguration|x64.ActiveCfg = TestConfiguration|x64
		{181DCC96-8B7C-43AF-8805-F9BE414F8F27}.TestConfiguration|x64.Build.0 = TestConfiguration|x64
		{65CB8F41-0C51-4E3F-8368-F166D9383680}.Debug|Any CPU.ActiveCfg = Debug|Any CPU
		{65CB8F41-0C51-4E3F-8368-F166D9383680}.Debug|Any CPU.Build.0 = Debug|Any CPU
		{65CB8F41-0C51-4E3F-8368-F166D9383680}.Debug|x64.ActiveCfg = Debug|x64
		{65CB8F41-0C51-4E3F-8368-F166D9383680}.Debug|x64.Build.0 = Debug|x64
		{65CB8F41-0C51-4E3F-8368-F166D9383680}.Release|Any CPU.ActiveCfg = Release|Any CPU
		{65CB8F41-0C51-4E3F-8368-F166D9383680}.Release|Any CPU.Build.0 = Release|Any CPU
		{65CB8F41-0C51-4E3F-8368-F166D9383680}.Release|x64.ActiveCfg = Release|x64
		{65CB8F41-0C51-4E3F-8368-F166D9383680}.Release|x64.Build.0 = Release|x64
		{65CB8F41-0C51-4E3F-8368-F166D9383680}.TestConfiguration|Any CPU.ActiveCfg = TestConfiguration|Any CPU
		{65CB8F41-0C51-4E3F-8368-F166D9383680}.TestConfiguration|Any CPU.Build.0 = TestConfiguration|Any CPU
		{65CB8F41-0C51-4E3F-8368-F166D9383680}.TestConfiguration|x64.ActiveCfg = TestConfiguration|x64
		{65CB8F41-0C51-4E3F-8368-F166D9383680}.TestConfiguration|x64.Build.0 = TestConfiguration|x64
		{FCD3F258-CA55-4EEB-B24D-8CAE9316E670}.Debug|Any CPU.ActiveCfg = Debug|Any CPU
		{FCD3F258-CA55-4EEB-B24D-8CAE9316E670}.Debug|Any CPU.Build.0 = Debug|Any CPU
		{FCD3F258-CA55-4EEB-B24D-8CAE9316E670}.Debug|x64.ActiveCfg = Debug|x64
		{FCD3F258-CA55-4EEB-B24D-8CAE9316E670}.Debug|x64.Build.0 = Debug|x64
		{FCD3F258-CA55-4EEB-B24D-8CAE9316E670}.Release|Any CPU.ActiveCfg = Release|Any CPU
		{FCD3F258-CA55-4EEB-B24D-8CAE9316E670}.Release|Any CPU.Build.0 = Release|Any CPU
		{FCD3F258-CA55-4EEB-B24D-8CAE9316E670}.Release|x64.ActiveCfg = Release|x64
		{FCD3F258-CA55-4EEB-B24D-8CAE9316E670}.Release|x64.Build.0 = Release|x64
		{FCD3F258-CA55-4EEB-B24D-8CAE9316E670}.TestConfiguration|Any CPU.ActiveCfg = TestConfiguration|Any CPU
		{FCD3F258-CA55-4EEB-B24D-8CAE9316E670}.TestConfiguration|Any CPU.Build.0 = TestConfiguration|Any CPU
		{FCD3F258-CA55-4EEB-B24D-8CAE9316E670}.TestConfiguration|x64.ActiveCfg = TestConfiguration|x64
		{FCD3F258-CA55-4EEB-B24D-8CAE9316E670}.TestConfiguration|x64.Build.0 = TestConfiguration|x64
		{F9B6A02B-41B5-42AD-99B0-6146FA673B8C}.Debug|Any CPU.ActiveCfg = Debug|Any CPU
		{F9B6A02B-41B5-42AD-99B0-6146FA673B8C}.Debug|Any CPU.Build.0 = Debug|Any CPU
		{F9B6A02B-41B5-42AD-99B0-6146FA673B8C}.Debug|x64.ActiveCfg = Debug|Any CPU
		{F9B6A02B-41B5-42AD-99B0-6146FA673B8C}.Debug|x64.Build.0 = Debug|Any CPU
		{F9B6A02B-41B5-42AD-99B0-6146FA673B8C}.Release|Any CPU.ActiveCfg = Release|Any CPU
		{F9B6A02B-41B5-42AD-99B0-6146FA673B8C}.Release|Any CPU.Build.0 = Release|Any CPU
		{F9B6A02B-41B5-42AD-99B0-6146FA673B8C}.Release|x64.ActiveCfg = Release|Any CPU
		{F9B6A02B-41B5-42AD-99B0-6146FA673B8C}.Release|x64.Build.0 = Release|Any CPU
		{F9B6A02B-41B5-42AD-99B0-6146FA673B8C}.TestConfiguration|Any CPU.ActiveCfg = Release|Any CPU
		{F9B6A02B-41B5-42AD-99B0-6146FA673B8C}.TestConfiguration|Any CPU.Build.0 = Release|Any CPU
		{F9B6A02B-41B5-42AD-99B0-6146FA673B8C}.TestConfiguration|x64.ActiveCfg = Release|Any CPU
		{F9B6A02B-41B5-42AD-99B0-6146FA673B8C}.TestConfiguration|x64.Build.0 = Release|Any CPU
		{2B122624-465D-4329-8609-BD470C2729EC}.Debug|Any CPU.ActiveCfg = Debug|Any CPU
		{2B122624-465D-4329-8609-BD470C2729EC}.Debug|Any CPU.Build.0 = Debug|Any CPU
		{2B122624-465D-4329-8609-BD470C2729EC}.Debug|Any CPU.Deploy.0 = Debug|Any CPU
		{2B122624-465D-4329-8609-BD470C2729EC}.Debug|x64.ActiveCfg = Debug|Any CPU
		{2B122624-465D-4329-8609-BD470C2729EC}.Debug|x64.Build.0 = Debug|Any CPU
		{2B122624-465D-4329-8609-BD470C2729EC}.Debug|x64.Deploy.0 = Debug|Any CPU
		{2B122624-465D-4329-8609-BD470C2729EC}.Release|Any CPU.ActiveCfg = Release|Any CPU
		{2B122624-465D-4329-8609-BD470C2729EC}.Release|Any CPU.Build.0 = Release|Any CPU
		{2B122624-465D-4329-8609-BD470C2729EC}.Release|Any CPU.Deploy.0 = Release|Any CPU
		{2B122624-465D-4329-8609-BD470C2729EC}.Release|x64.ActiveCfg = Release|Any CPU
		{2B122624-465D-4329-8609-BD470C2729EC}.Release|x64.Build.0 = Release|Any CPU
		{2B122624-465D-4329-8609-BD470C2729EC}.Release|x64.Deploy.0 = Release|Any CPU
		{2B122624-465D-4329-8609-BD470C2729EC}.TestConfiguration|Any CPU.ActiveCfg = Debug|Any CPU
		{2B122624-465D-4329-8609-BD470C2729EC}.TestConfiguration|Any CPU.Build.0 = Debug|Any CPU
		{2B122624-465D-4329-8609-BD470C2729EC}.TestConfiguration|Any CPU.Deploy.0 = Debug|Any CPU
		{2B122624-465D-4329-8609-BD470C2729EC}.TestConfiguration|x64.ActiveCfg = Debug|Any CPU
		{2B122624-465D-4329-8609-BD470C2729EC}.TestConfiguration|x64.Build.0 = Debug|Any CPU
		{2B122624-465D-4329-8609-BD470C2729EC}.TestConfiguration|x64.Deploy.0 = Debug|Any CPU
	EndGlobalSection
	GlobalSection(SolutionProperties) = preSolution
		HideSolutionNode = FALSE
	EndGlobalSection
	GlobalSection(NestedProjects) = preSolution
		{6D7C257C-1ABD-45B5-BF0A-EF8013C21769} = {03732EF9-7E5F-4DC3-8A28-9D98DD96D993}
		{229DC5C1-5C35-4CFD-8291-90A7E44799EC} = {03732EF9-7E5F-4DC3-8A28-9D98DD96D993}
		{B7F45B2C-AEAE-4271-AE78-FD64D69A294E} = {229DC5C1-5C35-4CFD-8291-90A7E44799EC}
		{C5B65B2B-8F5A-4916-96AB-115C7B4C47DA} = {229DC5C1-5C35-4CFD-8291-90A7E44799EC}
		{181DCC96-8B7C-43AF-8805-F9BE414F8F27} = {229DC5C1-5C35-4CFD-8291-90A7E44799EC}
		{65CB8F41-0C51-4E3F-8368-F166D9383680} = {229DC5C1-5C35-4CFD-8291-90A7E44799EC}
		{FCD3F258-CA55-4EEB-B24D-8CAE9316E670} = {229DC5C1-5C35-4CFD-8291-90A7E44799EC}
		{F9B6A02B-41B5-42AD-99B0-6146FA673B8C} = {229DC5C1-5C35-4CFD-8291-90A7E44799EC}
		{2B122624-465D-4329-8609-BD470C2729EC} = {229DC5C1-5C35-4CFD-8291-90A7E44799EC}
	EndGlobalSection
	GlobalSection(ExtensibilityGlobals) = postSolution
		SolutionGuid = {1B988EB7-FD4C-48D4-BD15-07300084C459}
	EndGlobalSection
EndGlobal
